
Microsoft Visual Studio Solution File, Format Version 12.00
# Visual Studio Version 17
VisualStudioVersion = 17.7.34031.279
MinimumVisualStudioVersion = 10.0.40219.1
Project("{FAE04EC0-301F-11D3-BF4B-00C04F79EFBC}") = "MakeMyTrip", "MakeMyTrip\MakeMyTrip.csproj", "{5F37CA25-C712-4787-8F99-219D5B0010D5}"
EndProject
Global
	GlobalSection(SolutionConfigurationPlatforms) = preSolution
		Debug|Any CPU = Debug|Any CPU
		Release|Any CPU = Release|Any CPU
	EndGlobalSection
	GlobalSection(ProjectConfigurationPlatforms) = postSolution
		{5F37CA25-C712-4787-8F99-219D5B0010D5}.Debug|Any CPU.ActiveCfg = Debug|Any CPU
		{5F37CA25-C712-4787-8F99-219D5B0010D5}.Debug|Any CPU.Build.0 = Debug|Any CPU
		{5F37CA25-C712-4787-8F99-219D5B0010D5}.Release|Any CPU.ActiveCfg = Release|Any CPU
		{5F37CA25-C712-4787-8F99-219D5B0010D5}.Release|Any CPU.Build.0 = Release|Any CPU
	EndGlobalSection
	GlobalSection(SolutionProperties) = preSolution
		HideSolutionNode = FALSE
	EndGlobalSection
	GlobalSection(ExtensibilityGlobals) = postSolution
		SolutionGuid = {705CD81B-45F3-4101-A863-6F21BE2C9EF8}
	EndGlobalSection
EndGlobal
